# THIS IS AN AUTOGENERATED FILE. DO NOT EDIT THIS FILE DIRECTLY.
# yarn lockfile v1


node-fetch@^2.1.2:
  version "2.1.2"
  resolved "http://registry.npm.taobao.org/node-fetch/download/node-fetch-2.1.2.tgz#ab884e8e7e57e38a944753cec706f788d1768bb5"

tiny-querystring@^0.0.2:
  version "0.0.2"
  resolved "http://registry.npm.taobao.org/tiny-querystring/download/tiny-querystring-0.0.2.tgz#a7aa2f7ba3988e2cc4c0b04752c95ba654438f60"
