# THIS IS AN AUTOGENERATED FILE. DO NOT EDIT THIS FILE DIRECTLY.
# yarn lockfile v1


es6-object-assign@^1.1.0:
  version "1.1.0"
  resolved "http://registry.npm.taobao.org/es6-object-assign/download/es6-object-assign-1.1.0.tgz#c2c3582656247c39ea107cb1e6652b6f9f24523c"

whatwg-fetch@^2.0.4:
  version "2.0.4"
  resolved "http://registry.npm.taobao.org/whatwg-fetch/download/whatwg-fetch-2.0.4.tgz#dde6a5df315f9d39991aa17621853d720b85566f"
